# This file was autogenerated by Stack.
# You should not edit this file by hand.
# For more information, please see the documentation at:
#   https://docs.haskellstack.org/en/stable/lock_files

packages:
- completed:
    hackage: hakyll-4.13.4.0@sha256:3b5f4770388cdfeb9ff03426aaa8c41c41fe3a88af12df4fa2591b84600e3ab3,9212
    pantry-tree:
      size: 7841
      sha256: fa2528916baf075a9a2682c83e94d3a76c9ebd5a840ea23f294606f358f9449d
  original:
    hackage: hakyll-4.13.4.0
snapshots:
- completed:
    size: 533252
    url: https://raw.githubusercontent.com/commercialhaskell/stackage-snapshots/master/lts/16/27.yaml
    sha256: c2aaae52beeacf6a5727c1010f50e89d03869abfab6d2c2658ade9da8ed50c73
  original: lts-16.27
